lockfileVersion: 5.4

importers:

  apps/avivator:
    specifiers:
      '@deck.gl/core': ^8.7.10
      '@deck.gl/geo-layers': ^8.7.10
      '@deck.gl/react': ^8.7.10
      '@hms-dbmi/viv': ^0.12.8
      '@luma.gl/core': ~8.5.3
      '@material-ui/core': ^4.11.0
      '@material-ui/icons': ^4.9.1
      '@material-ui/lab': ^4.0.0-alpha.56
      '@math.gl/core': ^3.4.2
      '@math.gl/culling': ^3.4.2
      lodash: ^4.17.21
      react: ^16.8.6
      react-dom: ^16.8.6
      react-dropzone: ^11.2.3
      react-router-dom: ^5.2.0
      zustand: ^3.4.1
    dependencies:
      '@deck.gl/core': 8.7.10
      '@deck.gl/geo-layers': 8.7.10_@deck.gl+core@8.7.10
      '@deck.gl/react': 8.7.10_byern6pevguel3ltbyipwgnxdq
      '@hms-dbmi/viv': 0.12.8_csgyrprzn4uu3tehsnrzfwmwp4
      '@luma.gl/core': 8.5.12
      '@material-ui/core': 4.12.4_wcqkhtmu7mswc6yz4uyexck3ty
      '@material-ui/icons': 4.11.3_dioft7urihowmejr75iiks5cki
      '@material-ui/lab': 4.0.0-alpha.61_dioft7urihowmejr75iiks5cki
      '@math.gl/core': 3.5.7
      '@math.gl/culling': 3.5.7
      lodash: 4.17.21
      react: 16.14.0
      react-dom: 16.14.0_react@16.14.0
      react-dropzone: 11.7.1_react@16.14.0
      react-router-dom: 5.3.3_react@16.14.0
      zustand: 3.7.2_react@16.14.0

packages:

  /@babel/runtime/7.17.9:
    resolution: {integrity: sha512-lSiBBvodq29uShpWGNbgFdKYNiFDo5/HIYsaCEY9ff4sb10x9jizo2+pRrSyF4jKZCXqgzuqBOQKbUm90gQwJg==}
    engines: {node: '>=6.9.0'}
    dependencies:
      regenerator-runtime: 0.13.9
    dev: false

  /@deck.gl/core/8.7.10:
    resolution: {integrity: sha512-8BSDnPe/aH5Nit4hOffHAEfzQJHsgqYpqa9i4r9dnKgGs7MKH1aARTj2cq6knnRyI/KACU50R6TxEK01tnznpA==}
    dependencies:
      '@loaders.gl/core': 3.2.3
      '@loaders.gl/images': 3.2.3
      '@luma.gl/constants': 8.5.12
      '@luma.gl/core': 8.5.12
      '@math.gl/core': 3.5.7
      '@math.gl/web-mercator': 3.5.7
      '@probe.gl/env': 3.5.0
      '@probe.gl/log': 3.5.0
      '@probe.gl/stats': 3.5.0
      gl-matrix: 3.3.0
      math.gl: 3.5.7
      mjolnir.js: 2.6.0
    dev: false

  /@deck.gl/geo-layers/8.7.10_@deck.gl+core@8.7.10:
    resolution: {integrity: sha512-6JpidjStQkWDGnT0+jHCK7dEpWCNwosCIdqlwJZW09trtUrhBQtU2Q+sR9nBCQE2ZrnKsqNNUUOHZoVXJZlOkw==}
    peerDependencies:
      '@deck.gl/core': ^8.0.0
      '@deck.gl/extensions': ^8.0.0
      '@deck.gl/layers': ^8.0.0
      '@deck.gl/mesh-layers': ^8.0.0
      '@loaders.gl/core': ^3.0.0
    dependencies:
      '@deck.gl/core': 8.7.10
      '@loaders.gl/3d-tiles': 3.2.3
      '@loaders.gl/gis': 3.2.3
      '@loaders.gl/loader-utils': 3.2.3
      '@loaders.gl/mvt': 3.2.3
      '@loaders.gl/terrain': 3.2.3
      '@loaders.gl/tiles': 3.2.3
      '@luma.gl/experimental': 8.5.12
      '@math.gl/core': 3.5.7
      '@math.gl/culling': 3.5.7
      '@math.gl/web-mercator': 3.5.7
      h3-js: 3.7.2
      long: 3.2.0
    transitivePeerDependencies:
      - '@loaders.gl/gltf'
      - '@loaders.gl/images'
      - '@luma.gl/engine'
      - '@luma.gl/gltools'
      - '@luma.gl/shadertools'
      - '@luma.gl/webgl'
    dev: false

  /@deck.gl/react/8.7.10_byern6pevguel3ltbyipwgnxdq:
    resolution: {integrity: sha512-PepgNXzzXlQ8BqfRlY4uttt0MDOfHaSdX/0LtueXJPN0RWP1bi/cP500vhTy6MAjsgtACIfDfoXLyU9mL/h6+w==}
    peerDependencies:
      '@deck.gl/core': ^8.0.0
      react: '>=16.3'
      react-dom: '>=16.3'
    dependencies:
      '@deck.gl/core': 8.7.10
      prop-types: 15.8.1
      react: 16.14.0
      react-dom: 16.14.0_react@16.14.0
    dev: false

  /@emotion/hash/0.8.0:
    resolution: {integrity: sha512-kBJtf7PH6aWwZ6fka3zQ0p6SBYzx4fl1LoZXE2RrnYST9Xljm7WfKJrU4g/Xr3Beg72MLrp1AWNUmuYJTL7Cow==}
    dev: false

  /@hms-dbmi/viv/0.12.8_csgyrprzn4uu3tehsnrzfwmwp4:
    resolution: {integrity: sha512-+CQCXh5DR3/VGNaIvv25axwzC0V+OqBcHq4+vAypuuwVnG9MO1ZNdGjX0HgU06WuWc8HwOqQPwyqrKnatjvdBw==}
    peerDependencies:
      '@deck.gl/core': ~8.6.7
      '@deck.gl/geo-layers': ~8.6.7
      '@deck.gl/layers': ~8.6.7
      '@deck.gl/react': ~8.6.7
      '@luma.gl/constants': ~8.5.3
      '@luma.gl/core': ~8.5.3
      '@luma.gl/shadertools': ~8.5.3
      '@luma.gl/webgl': ~8.5.3
      react: ^16.12.0
      react-dom: ^16.12.0
    dependencies:
      '@deck.gl/core': 8.7.10
      '@deck.gl/geo-layers': 8.7.10_@deck.gl+core@8.7.10
      '@deck.gl/react': 8.7.10_byern6pevguel3ltbyipwgnxdq
      '@luma.gl/core': 8.5.12
      '@math.gl/culling': 3.5.7
      fast-deep-equal: 3.1.3
      fast-xml-parser: 3.21.1
      geotiff: 2.0.5
      lzw-tiff-decoder: 0.1.1
      math.gl: 3.5.7
      quickselect: 2.0.0
      react: 16.14.0
      react-dom: 16.14.0_react@16.14.0
      zarr: 0.5.1
    dev: false

  /@loaders.gl/3d-tiles/3.2.3:
    resolution: {integrity: sha512-o7hVHW3D6QWrc8QHGHrJBEwPXL34Xmn5ylV4LdtKJkKocpXGjkQ33X6mCHx6XnY3FAYorlnMIE55NKVEQNJVoA==}
    peerDependencies:
      '@loaders.gl/core': 3.2.0
    dependencies:
      '@loaders.gl/draco': 3.2.3
      '@loaders.gl/gltf': 3.2.3
      '@loaders.gl/loader-utils': 3.2.3
      '@loaders.gl/math': 3.2.3
      '@loaders.gl/tiles': 3.2.3
      '@math.gl/core': 3.5.7
      '@math.gl/geospatial': 3.5.7
    dev: false

  /@loaders.gl/core/3.2.3:
    resolution: {integrity: sha512-Elm7ydCKc942TavK8XpC8DSK0k9RSbd6lODuJC0VQOar5YNNEYeusrKJcPpXRnfX5z2w2hi9ZKKwrpn9a0OOIQ==}
    dependencies:
      '@babel/runtime': 7.17.9
      '@loaders.gl/loader-utils': 3.2.3
      '@loaders.gl/worker-utils': 3.2.3
      '@probe.gl/log': 3.5.0
      probe.gl: 3.5.0
    dev: false

  /@loaders.gl/draco/3.2.3:
    resolution: {integrity: sha512-XkZWKoX2n40jdmWJ01S3zbSEmIs36OfMmCQ8EiGq4zEjUW1AUBWUT7ZhxQmJ5ls+UN/yb9uRa8l81+He/7e5Xw==}
    dependencies:
      '@babel/runtime': 7.17.9
      '@loaders.gl/loader-utils': 3.2.3
      '@loaders.gl/schema': 3.2.3
      '@loaders.gl/worker-utils': 3.2.3
      draco3d: 1.4.1
    dev: false

  /@loaders.gl/gis/3.2.3:
    resolution: {integrity: sha512-he6ioODSeZ+/nmYmtOv/4JhjFv2GTcPRzoqftyIBArg4K/f2+lztNhS95sxBAcK2XTc1zJdLvNul4+69lwnaTg==}
    dependencies:
      '@loaders.gl/loader-utils': 3.2.3
      '@loaders.gl/schema': 3.2.3
      '@mapbox/vector-tile': 1.3.1
      '@math.gl/polygon': 3.5.7
      pbf: 3.2.1
    dev: false

  /@loaders.gl/gltf/3.2.3:
    resolution: {integrity: sha512-jVdR5mR2JeX/ZkTV2fPlXjiLUqzsnQnOfzNB/90H78/wrCuBHvBe3w/lgND8IYBmGyNY/PEjeRc+BVA1Y2RMeQ==}
    dependencies:
      '@loaders.gl/draco': 3.2.3
      '@loaders.gl/images': 3.2.3
      '@loaders.gl/loader-utils': 3.2.3
      '@loaders.gl/textures': 3.2.3
    dev: false

  /@loaders.gl/images/3.2.3:
    resolution: {integrity: sha512-Y2zBX4WYpN1bGA+jy+Kwn5K9KxbSCFZClz6CFh/mkVsMx1smshmGASEusDlTHTRbNoFmKX622HpeI2lyBL8j9w==}
    dependencies:
      '@loaders.gl/loader-utils': 3.2.3
    dev: false

  /@loaders.gl/loader-utils/3.2.3:
    resolution: {integrity: sha512-TyAHXaXjDZM/5X451MIixOqztEyGCSBJYqNw1ctaVAHruryisJcCscNHipRngbNw/2gVV74ANigv0s44F27WtQ==}
    dependencies:
      '@babel/runtime': 7.17.9
      '@loaders.gl/worker-utils': 3.2.3
      '@probe.gl/stats': 3.5.0
    dev: false

  /@loaders.gl/math/3.2.3:
    resolution: {integrity: sha512-FQf/jKrYz2mCQ4SeQkFBCO2zUjzflW59xSUd+ItFgol/dMyMYTRj6qYc9RoH+gHqc4cEtkQJYDo+6IYe6Q/v3g==}
    dependencies:
      '@loaders.gl/images': 3.2.3
      '@loaders.gl/loader-utils': 3.2.3
      '@math.gl/core': 3.5.7
    dev: false

  /@loaders.gl/mvt/3.2.3:
    resolution: {integrity: sha512-oNuxxRZG2ROzoGg+F9KiOy2jaffzK7e5yu8lWFxC9+oeiNvIy3Xanje4Cei/S+Q4PohxKjWppqO6WFlzGTcNSA==}
    dependencies:
      '@loaders.gl/gis': 3.2.3
      '@loaders.gl/loader-utils': 3.2.3
      '@loaders.gl/schema': 3.2.3
      '@math.gl/polygon': 3.5.7
      pbf: 3.2.1
    dev: false

  /@loaders.gl/schema/3.2.3:
    resolution: {integrity: sha512-mylwvB6Fjrt6MRQyIFdC0B6z4yZ/sXMmGb03qh5MSdoIIdFVMMHjlt5DykhRT0eNZREBorKfMrcu/LCBbO7jKg==}
    dependencies:
      '@types/geojson': 7946.0.8
      apache-arrow: 4.0.1
    dev: false

  /@loaders.gl/terrain/3.2.3:
    resolution: {integrity: sha512-4EIcfbkYn1qroX4q9qhAFYOcF3udXAAxLMtgXVjQPNwywfz/DHyMw4uHy/D+kBDGvSPydZF8agr4w6MOx+fpuQ==}
    dependencies:
      '@babel/runtime': 7.17.9
      '@loaders.gl/loader-utils': 3.2.3
      '@loaders.gl/schema': 3.2.3
      '@mapbox/martini': 0.2.0
    dev: false

  /@loaders.gl/textures/3.2.3:
    resolution: {integrity: sha512-hAxedxMbFZlCysT1jUATNXbsYbz3k60ILEMcShciTvBKVPzG1ovci606LsJpQg73j0Ni4oU+N3rmwL+SwGEghw==}
    dependencies:
      '@loaders.gl/images': 3.2.3
      '@loaders.gl/loader-utils': 3.2.3
      '@loaders.gl/schema': 3.2.3
      '@loaders.gl/worker-utils': 3.2.3
      ktx-parse: 0.0.4
      texture-compressor: 1.0.2
    dev: false

  /@loaders.gl/tiles/3.2.3:
    resolution: {integrity: sha512-sBdQu4Ee+vilDF5ZospUAdm9fAv7+KxEPw0mTfRTK9ejAGGl0f9CPsEa8dC24gp/m5cVHvtHlcFeSpMsLYOfmA==}
    peerDependencies:
      '@loaders.gl/core': 3.2.0
    dependencies:
      '@loaders.gl/loader-utils': 3.2.3
      '@loaders.gl/math': 3.2.3
      '@math.gl/core': 3.5.7
      '@math.gl/culling': 3.5.7
      '@math.gl/geospatial': 3.5.7
      '@math.gl/web-mercator': 3.5.7
      '@probe.gl/stats': 3.5.0
    dev: false

  /@loaders.gl/worker-utils/3.2.3:
    resolution: {integrity: sha512-ABlcuTTeqJ8/ZOLXaS7Kwz6htixTFlPdtlpM9ks9rZtqDaqLn6SIdzjZHy/We1ko8Ve/Zawpwr9RM1b+3G6lsQ==}
    dependencies:
      '@babel/runtime': 7.17.9
    dev: false

  /@luma.gl/constants/8.5.12:
    resolution: {integrity: sha512-XKW4/Ur6azfoytV7R+84KG5h4E+FwqVOnxAAYyXk8kbNoI6uY829bj+/TxuUV6oJCzflmSCjs1Z4tVbsCVn5Lg==}
    dev: false

  /@luma.gl/core/8.5.12:
    resolution: {integrity: sha512-L43wt+rlMiOnuA9lLQbQrDsDsDP2z2YTo7KwU8Bzbz3orr6cvJ5R/db7hd5GYu0tvMyM3MlJyuewJTZF5q/low==}
    dependencies:
      '@babel/runtime': 7.17.9
      '@luma.gl/constants': 8.5.12
      '@luma.gl/engine': 8.5.12
      '@luma.gl/gltools': 8.5.12
      '@luma.gl/shadertools': 8.5.12
      '@luma.gl/webgl': 8.5.12
    dev: false

  /@luma.gl/engine/8.5.12:
    resolution: {integrity: sha512-+q/UW9DcZcGtt9GMstCbHa7qu8/iGV5D5vAxLmeImjerVQaFMyjoaFqc+KKsuMfaqL+E2AoOG8WIDktVOBw3mw==}
    dependencies:
      '@babel/runtime': 7.17.9
      '@luma.gl/constants': 8.5.12
      '@luma.gl/gltools': 8.5.12
      '@luma.gl/shadertools': 8.5.12
      '@luma.gl/webgl': 8.5.12
      '@math.gl/core': 3.5.7
      '@probe.gl/env': 3.5.0
      probe.gl: 3.5.0
    dev: false

  /@luma.gl/experimental/8.5.12:
    resolution: {integrity: sha512-0hnD0sVP0V9bqPFsOnnmwzfGI2/na1QXkA59gv37LOU15kBtUWFfsw5BJc/gBnoMNop27cylXt4A7RMQKdgcgQ==}
    peerDependencies:
      '@loaders.gl/gltf': ^3.0.0
      '@loaders.gl/images': ^3.0.0
      '@luma.gl/engine': ^8.4.0
      '@luma.gl/gltools': ^8.4.0
      '@luma.gl/shadertools': ^8.4.0
      '@luma.gl/webgl': ^8.4.0
    dependencies:
      '@luma.gl/constants': 8.5.12
      '@math.gl/core': 3.5.7
      earcut: 2.2.3
    dev: false

  /@luma.gl/gltools/8.5.12:
    resolution: {integrity: sha512-Pr9R+rQzgQAmMY/eLJgxpC7TZUClHCMEH2YaZqBnH6S8iQHf2A67EdV8WxcESDp1kSOUDnNsWI62Mg49FW9wgw==}
    dependencies:
      '@babel/runtime': 7.17.9
      '@luma.gl/constants': 8.5.12
      '@probe.gl/env': 3.5.0
      probe.gl: 3.5.0
    dev: false

  /@luma.gl/shadertools/8.5.12:
    resolution: {integrity: sha512-6NdaLxj8Zs1+p/MKeypIQ3TFH3ojkaP8g9SkP24aOSIUUzh5jBV7vcnLR1wrS8I+2+orHMTk9a0q+o3mF8HWGQ==}
    dependencies:
      '@babel/runtime': 7.17.9
      '@math.gl/core': 3.5.7
    dev: false

  /@luma.gl/webgl/8.5.12:
    resolution: {integrity: sha512-m+TgIVvZoM2uXNjWmM5NBpi+0c5a27u/WDyOQ/UkeG0nyaW/kC7RIYqJ5KwpDVw0/vusIhEwS+8CXm3RW1aNnA==}
    dependencies:
      '@babel/runtime': 7.17.9
      '@luma.gl/constants': 8.5.12
      '@luma.gl/gltools': 8.5.12
      '@probe.gl/env': 3.5.0
      probe.gl: 3.5.0
    dev: false

  /@mapbox/martini/0.2.0:
    resolution: {integrity: sha512-7hFhtkb0KTLEls+TRw/rWayq5EeHtTaErgm/NskVoXmtgAQu/9D299aeyj6mzAR/6XUnYRp2lU+4IcrYRFjVsQ==}
    dev: false

  /@mapbox/point-geometry/0.1.0:
    resolution: {integrity: sha512-6j56HdLTwWGO0fJPlrZtdU/B13q8Uwmo18Ck2GnGgN9PCFyKTZ3UbXeEdRFh18i9XQ92eH2VdtpJHpBD3aripQ==}
    dev: false

  /@mapbox/vector-tile/1.3.1:
    resolution: {integrity: sha512-MCEddb8u44/xfQ3oD+Srl/tNcQoqTw3goGk2oLsrFxOTc3dUp+kAnby3PvAeeBYSMSjSPD1nd1AJA6W49WnoUw==}
    dependencies:
      '@mapbox/point-geometry': 0.1.0
    dev: false

  /@material-ui/core/4.12.4_wcqkhtmu7mswc6yz4uyexck3ty:
    resolution: {integrity: sha512-tr7xekNlM9LjA6pagJmL8QCgZXaubWUwkJnoYcMKd4gw/t4XiyvnTkjdGrUVicyB2BsdaAv1tvow45bPM4sSwQ==}
    engines: {node: '>=8.0.0'}
    peerDependencies:
      '@types/react': ^16.8.6 || ^17.0.0
      react: ^16.8.0 || ^17.0.0
      react-dom: ^16.8.0 || ^17.0.0
    peerDependenciesMeta:
      '@types/react':
        optional: true
    dependencies:
      '@babel/runtime': 7.17.9
      '@material-ui/styles': 4.11.5_wcqkhtmu7mswc6yz4uyexck3ty
      '@material-ui/system': 4.12.2_wcqkhtmu7mswc6yz4uyexck3ty
      '@material-ui/types': 5.1.0
      '@material-ui/utils': 4.11.3_wcqkhtmu7mswc6yz4uyexck3ty
      '@types/react-transition-group': 4.4.4
      clsx: 1.1.1
      hoist-non-react-statics: 3.3.2
      popper.js: 1.16.1-lts
      prop-types: 15.8.1
      react: 16.14.0
      react-dom: 16.14.0_react@16.14.0
      react-is: 17.0.2
      react-transition-group: 4.4.2_wcqkhtmu7mswc6yz4uyexck3ty
    dev: false

  /@material-ui/icons/4.11.3_dioft7urihowmejr75iiks5cki:
    resolution: {integrity: sha512-IKHlyx6LDh8n19vzwH5RtHIOHl9Tu90aAAxcbWME6kp4dmvODM3UvOHJeMIDzUbd4muuJKHmlNoBN+mDY4XkBA==}
    engines: {node: '>=8.0.0'}
    peerDependencies:
      '@material-ui/core': ^4.0.0
      '@types/react': ^16.8.6 || ^17.0.0
      react: ^16.8.0 || ^17.0.0
      react-dom: ^16.8.0 || ^17.0.0
    peerDependenciesMeta:
      '@types/react':
        optional: true
    dependencies:
      '@babel/runtime': 7.17.9
      '@material-ui/core': 4.12.4_wcqkhtmu7mswc6yz4uyexck3ty
      react: 16.14.0
      react-dom: 16.14.0_react@16.14.0
    dev: false

  /@material-ui/lab/4.0.0-alpha.61_dioft7urihowmejr75iiks5cki:
    resolution: {integrity: sha512-rSzm+XKiNUjKegj8bzt5+pygZeckNLOr+IjykH8sYdVk7dE9y2ZuUSofiMV2bJk3qU+JHwexmw+q0RyNZB9ugg==}
    engines: {node: '>=8.0.0'}
    peerDependencies:
      '@material-ui/core': ^4.12.1
      '@types/react': ^16.8.6 || ^17.0.0
      react: ^16.8.0 || ^17.0.0
      react-dom: ^16.8.0 || ^17.0.0
    peerDependenciesMeta:
      '@types/react':
        optional: true
    dependencies:
      '@babel/runtime': 7.17.9
      '@material-ui/core': 4.12.4_wcqkhtmu7mswc6yz4uyexck3ty
      '@material-ui/utils': 4.11.3_wcqkhtmu7mswc6yz4uyexck3ty
      clsx: 1.1.1
      prop-types: 15.8.1
      react: 16.14.0
      react-dom: 16.14.0_react@16.14.0
      react-is: 17.0.2
    dev: false

  /@material-ui/styles/4.11.5_wcqkhtmu7mswc6yz4uyexck3ty:
    resolution: {integrity: sha512-o/41ot5JJiUsIETME9wVLAJrmIWL3j0R0Bj2kCOLbSfqEkKf0fmaPt+5vtblUh5eXr2S+J/8J3DaCb10+CzPGA==}
    engines: {node: '>=8.0.0'}
    peerDependencies:
      '@types/react': ^16.8.6 || ^17.0.0
      react: ^16.8.0 || ^17.0.0
      react-dom: ^16.8.0 || ^17.0.0
    peerDependenciesMeta:
      '@types/react':
        optional: true
    dependencies:
      '@babel/runtime': 7.17.9
      '@emotion/hash': 0.8.0
      '@material-ui/types': 5.1.0
      '@material-ui/utils': 4.11.3_wcqkhtmu7mswc6yz4uyexck3ty
      clsx: 1.1.1
      csstype: 2.6.20
      hoist-non-react-statics: 3.3.2
      jss: 10.9.0
      jss-plugin-camel-case: 10.9.0
      jss-plugin-default-unit: 10.9.0
      jss-plugin-global: 10.9.0
      jss-plugin-nested: 10.9.0
      jss-plugin-props-sort: 10.9.0
      jss-plugin-rule-value-function: 10.9.0
      jss-plugin-vendor-prefixer: 10.9.0
      prop-types: 15.8.1
      react: 16.14.0
      react-dom: 16.14.0_react@16.14.0
    dev: false

  /@material-ui/system/4.12.2_wcqkhtmu7mswc6yz4uyexck3ty:
    resolution: {integrity: sha512-6CSKu2MtmiJgcCGf6nBQpM8fLkuB9F55EKfbdTC80NND5wpTmKzwdhLYLH3zL4cLlK0gVaaltW7/wMuyTnN0Lw==}
    engines: {node: '>=8.0.0'}
    peerDependencies:
      '@types/react': ^16.8.6 || ^17.0.0
      react: ^16.8.0 || ^17.0.0
      react-dom: ^16.8.0 || ^17.0.0
    peerDependenciesMeta:
      '@types/react':
        optional: true
    dependencies:
      '@babel/runtime': 7.17.9
      '@material-ui/utils': 4.11.3_wcqkhtmu7mswc6yz4uyexck3ty
      csstype: 2.6.20
      prop-types: 15.8.1
      react: 16.14.0
      react-dom: 16.14.0_react@16.14.0
    dev: false

  /@material-ui/types/5.1.0:
    resolution: {integrity: sha512-7cqRjrY50b8QzRSYyhSpx4WRw2YuO0KKIGQEVk5J8uoz2BanawykgZGoWEqKm7pVIbzFDN0SpPcVV4IhOFkl8A==}
    peerDependencies:
      '@types/react': '*'
    peerDependenciesMeta:
      '@types/react':
        optional: true
    dev: false

  /@material-ui/utils/4.11.3_wcqkhtmu7mswc6yz4uyexck3ty:
    resolution: {integrity: sha512-ZuQPV4rBK/V1j2dIkSSEcH5uT6AaHuKWFfotADHsC0wVL1NLd2WkFCm4ZZbX33iO4ydl6V0GPngKm8HZQ2oujg==}
    engines: {node: '>=8.0.0'}
    peerDependencies:
      react: ^16.8.0 || ^17.0.0
      react-dom: ^16.8.0 || ^17.0.0
    dependencies:
      '@babel/runtime': 7.17.9
      prop-types: 15.8.1
      react: 16.14.0
      react-dom: 16.14.0_react@16.14.0
      react-is: 17.0.2
    dev: false

  /@math.gl/core/3.5.7:
    resolution: {integrity: sha512-EtMS3Nzv//nc6gAVcmvVsZAkf8+sVNruPcWEaBh95h82T7GroMLLf1WBgOhtOBOvCh6vInxjcYDsJOn7RY5oqg==}
    dependencies:
      '@babel/runtime': 7.17.9
      gl-matrix: 3.3.0
    dev: false

  /@math.gl/culling/3.5.7:
    resolution: {integrity: sha512-wQlcnT05/u2ByHX8xjjo2pQUE8O2zghpBL19S1Rzzn3Zloj1eL5okIXecTnQCGghpt5lSP1I4W91x7PhV7YU7Q==}
    dependencies:
      '@babel/runtime': 7.17.9
      '@math.gl/core': 3.5.7
      gl-matrix: 3.3.0
    dev: false

  /@math.gl/geospatial/3.5.7:
    resolution: {integrity: sha512-q0h2YAppH12M6mIYPyB1FPfxYCD+vGwt8IcFZB3KN0bisg+Yuzgv00cq9jhxPgaVRrtBCOa1J4gJfM+5B9gxmw==}
    dependencies:
      '@babel/runtime': 7.17.9
      '@math.gl/core': 3.5.7
      gl-matrix: 3.3.0
    dev: false

  /@math.gl/polygon/3.5.7:
    resolution: {integrity: sha512-fTi9Vfs7+LQ5Cn5ABSp0i+rfRec2fFuPhUE+Xpvg3dELQP+YMSw7FeR5SvUBgt3UY86qLmrkmxz3WwffcJA/eg==}
    dependencies:
      '@math.gl/core': 3.5.7
    dev: false

  /@math.gl/web-mercator/3.5.7:
    resolution: {integrity: sha512-i0w6AcV2b5+yeUQOA/KdnnzTYMUZvEKzHbbxI+ZyCuFs3p9S/IUt/EWVw4KGGOjVbf3UrGFlWSM70Th+0KyrsA==}
    dependencies:
      '@babel/runtime': 7.17.9
      gl-matrix: 3.3.0
    dev: false

  /@petamoriken/float16/3.6.3:
    resolution: {integrity: sha512-Yx6Z93kmz3JVPYoPPRFJXnt2/G4kfaxRROcZVVHsE4zOClJXvkOVidv/JfvP6hWn16lykbKYKVzUsId6mqXdGg==}
    dev: false

  /@probe.gl/env/3.5.0:
    resolution: {integrity: sha512-YdlpZZshhyYxvWDBmZ5RIW2pTR14Pw4p9czMlt/v7F6HbFzWfAdmH7q6xVwFRYxUpQLwhWensWyv4aFysiWl4g==}
    dependencies:
      '@babel/runtime': 7.17.9
    dev: false

  /@probe.gl/log/3.5.0:
    resolution: {integrity: sha512-nW/qz2X1xY08WU/TsmJP6/6IPNcaY5fS/vLjpC4ahJuE2Mezga4hGM/R2X5JWE/nkPc+BsC5GnAnD13rwAxS7g==}
    dependencies:
      '@babel/runtime': 7.17.9
      '@probe.gl/env': 3.5.0
    dev: false

  /@probe.gl/stats/3.5.0:
    resolution: {integrity: sha512-IH2M+F3c8HR1DTroBARePUFG7wIewumtKA0UFqx51Z7S4hKrD60wFbpMmg0AcF4FvHAXMBoC+kYi1UKW9XbAOw==}
    dependencies:
      '@babel/runtime': 7.17.9
    dev: false

  /@types/flatbuffers/1.10.0:
    resolution: {integrity: sha512-7btbphLrKvo5yl/5CC2OCxUSMx1wV1wvGT1qDXkSt7yi00/YW7E8k6qzXqJHsp+WU0eoG7r6MTQQXI9lIvd0qA==}
    dev: false

  /@types/geojson/7946.0.8:
    resolution: {integrity: sha512-1rkryxURpr6aWP7R786/UQOkJ3PcpQiWkAXBmdWc7ryFWqN6a4xfK7BtjXvFBKO9LjQ+MWQSWxYeZX1OApnArA==}
    dev: false

  /@types/node/14.18.18:
    resolution: {integrity: sha512-B9EoJFjhqcQ9OmQrNorItO+OwEOORNn3S31WuiHvZY/dm9ajkB7AKD/8toessEtHHNL+58jofbq7hMMY9v4yig==}
    dev: false

  /@types/prop-types/15.7.5:
    resolution: {integrity: sha512-JCB8C6SnDoQf0cNycqd/35A7MjcnK+ZTqE7judS6o7utxUCg6imJg3QK2qzHKszlTjcj2cn+NwMB2i96ubpj7w==}
    dev: false

  /@types/react-transition-group/4.4.4:
    resolution: {integrity: sha512-7gAPz7anVK5xzbeQW9wFBDg7G++aPLAFY0QaSMOou9rJZpbuI58WAuJrgu+qR92l61grlnCUe7AFX8KGahAgug==}
    dependencies:
      '@types/react': 18.0.9
    dev: false

  /@types/react/18.0.9:
    resolution: {integrity: sha512-9bjbg1hJHUm4De19L1cHiW0Jvx3geel6Qczhjd0qY5VKVE2X5+x77YxAepuCwVh4vrgZJdgEJw48zrhRIeF4Nw==}
    dependencies:
      '@types/prop-types': 15.7.5
      '@types/scheduler': 0.16.2
      csstype: 3.1.0
    dev: false

  /@types/scheduler/0.16.2:
    resolution: {integrity: sha512-hppQEBDmlwhFAXKJX2KnWLYu5yMfi91yazPb2l+lbJiwW+wdo1gNeRA+3RgNSO39WYX2euey41KEwnqesU2Jew==}
    dev: false

  /@types/text-encoding-utf-8/1.0.2:
    resolution: {integrity: sha512-AQ6zewa0ucLJvtUi5HsErbOFKAcQfRLt9zFLlUOvcXBy2G36a+ZDpCHSGdzJVUD8aNURtIjh9aSjCStNMRCcRQ==}
    dev: false

  /ansi-styles/3.2.1:
    resolution: {integrity: sha512-VT0ZI6kZRdTh8YyJw3SMbYm/u+NqfsAxEpWO0Pf9sq8/e94WxxOpPKx9FR1FlyCtOVDNOQ+8ntlqFxiRc+r5qA==}
    engines: {node: '>=4'}
    dependencies:
      color-convert: 1.9.3
    dev: false

  /apache-arrow/4.0.1:
    resolution: {integrity: sha512-DyF7GXCbSjsw4P5C8b+qW7OnJKa6w9mJI0mhV0+EfZbVZCmhfiF6ffqcnrI/kzBrRqn9hH/Ft9n5+m4DTbBJpg==}
    hasBin: true
    dependencies:
      '@types/flatbuffers': 1.10.0
      '@types/node': 14.18.18
      '@types/text-encoding-utf-8': 1.0.2
      command-line-args: 5.1.1
      command-line-usage: 6.1.1
      flatbuffers: 1.12.0
      json-bignum: 0.0.3
      pad-left: 2.1.0
      text-encoding-utf-8: 1.0.2
      tslib: 2.4.0
    dev: false

  /argparse/1.0.10:
    resolution: {integrity: sha512-o5Roy6tNG4SL/FOkCAN6RzjiakZS25RLYFrcMttJqbdd8BWrnA+fGz57iN5Pb06pvBGvl5gQ0B48dJlslXvoTg==}
    dependencies:
      sprintf-js: 1.0.3
    dev: false

  /array-back/3.1.0:
    resolution: {integrity: sha512-TkuxA4UCOvxuDK6NZYXCalszEzj+TLszyASooky+i742l9TqsOdYCMJJupxRic61hwquNtppB3hgcuq9SVSH1Q==}
    engines: {node: '>=6'}
    dev: false

  /array-back/4.0.2:
    resolution: {integrity: sha512-NbdMezxqf94cnNfWLL7V/im0Ub+Anbb0IoZhvzie8+4HJ4nMQuzHuy49FkGYCJK2yAloZ3meiB6AVMClbrI1vg==}
    engines: {node: '>=8'}
    dev: false

  /attr-accept/2.2.2:
    resolution: {integrity: sha512-7prDjvt9HmqiZ0cl5CRjtS84sEyhsHP2coDkaZKRKVfCDo9s7iw7ChVmar78Gu9pC4SoR/28wFu/G5JJhTnqEg==}
    engines: {node: '>=4'}
    dev: false

  /chalk/2.4.2:
    resolution: {integrity: sha512-Mti+f9lpJNcwF4tWV8/OrTTtF1gZi+f8FqlyAdouralcFWFQWF2+NgCHShjkCb+IFBLq9buZwE1xckQU4peSuQ==}
    engines: {node: '>=4'}
    dependencies:
      ansi-styles: 3.2.1
      escape-string-regexp: 1.0.5
      supports-color: 5.5.0
    dev: false

  /clsx/1.1.1:
    resolution: {integrity: sha512-6/bPho624p3S2pMyvP5kKBPXnI3ufHLObBFCfgx+LkeR5lg2XYy2hqZqUf45ypD8COn2bhgGJSUE+l5dhNBieA==}
    engines: {node: '>=6'}
    dev: false

  /color-convert/1.9.3:
    resolution: {integrity: sha512-QfAUtd+vFdAtFQcC8CCyYt1fYWxSqAiK2cSD6zDB8N3cpsEBAvRxp9zOGg6G/SHHJYAT88/az/IuDGALsNVbGg==}
    dependencies:
      color-name: 1.1.3
    dev: false

  /color-name/1.1.3:
    resolution: {integrity: sha1-p9BVi9icQveV3UIyj3QIMcpTvCU=}
    dev: false

  /command-line-args/5.1.1:
    resolution: {integrity: sha512-hL/eG8lrll1Qy1ezvkant+trihbGnaKaeEjj6Scyr3DN+RC7iQ5Rz84IeLERfAWDGo0HBSNAakczwgCilDXnWg==}
    engines: {node: '>=4.0.0'}
    dependencies:
      array-back: 3.1.0
      find-replace: 3.0.0
      lodash.camelcase: 4.3.0
      typical: 4.0.0
    dev: false

  /command-line-usage/6.1.1:
    resolution: {integrity: sha512-F59pEuAR9o1SF/bD0dQBDluhpT4jJQNWUHEuVBqpDmCUo6gPjCi+m9fCWnWZVR/oG6cMTUms4h+3NPl74wGXvA==}
    engines: {node: '>=8.0.0'}
    dependencies:
      array-back: 4.0.2
      chalk: 2.4.2
      table-layout: 1.0.2
      typical: 5.2.0
    dev: false

  /css-vendor/2.0.8:
    resolution: {integrity: sha512-x9Aq0XTInxrkuFeHKbYC7zWY8ai7qJ04Kxd9MnvbC1uO5DagxoHQjm4JvG+vCdXOoFtCjbL2XSZfxmoYa9uQVQ==}
    dependencies:
      '@babel/runtime': 7.17.9
      is-in-browser: 1.1.3
    dev: false

  /csstype/2.6.20:
    resolution: {integrity: sha512-/WwNkdXfckNgw6S5R125rrW8ez139lBHWouiBvX8dfMFtcn6V81REDqnH7+CRpRipfYlyU1CmOnOxrmGcFOjeA==}
    dev: false

  /csstype/3.1.0:
    resolution: {integrity: sha512-uX1KG+x9h5hIJsaKR9xHUeUraxf8IODOwq9JLNPq6BwB04a/xgpq3rcx47l5BZu5zBPlgD342tdke3Hom/nJRA==}
    dev: false

  /deep-extend/0.6.0:
    resolution: {integrity: sha512-LOHxIOaPYdHlJRtCQfDIVZtfw/ufM8+rVj649RIHzcm/vGwQRXFt6OPqIFWsm2XEMrNIEtWR64sY1LEKD2vAOA==}
    engines: {node: '>=4.0.0'}
    dev: false

  /dom-helpers/5.2.1:
    resolution: {integrity: sha512-nRCa7CK3VTrM2NmGkIy4cbK7IZlgBE/PYMn55rrXefr5xXDP0LdtfPnblFDoVdcAfslJ7or6iqAUnx0CCGIWQA==}
    dependencies:
      '@babel/runtime': 7.17.9
      csstype: 3.1.0
    dev: false

  /draco3d/1.4.1:
    resolution: {integrity: sha512-9Rxonc70xiovBC+Bq1h57SNZIHzWTibU1VfIGp5z3Xx8dPtv4yT5uGhiH7P5uvJRR2jkrvHafRxR7bTANkvfpg==}
    dev: false

  /earcut/2.2.3:
    resolution: {integrity: sha512-iRDI1QeCQIhMCZk48DRDMVgQSSBDmbzzNhnxIo+pwx3swkfjMh6vh0nWLq1NdvGHLKH6wIrAM3vQWeTj6qeoug==}
    dev: false

  /escape-string-regexp/1.0.5:
    resolution: {integrity: sha1-G2HAViGQqN/2rjuyzwIAyhMLhtQ=}
    engines: {node: '>=0.8.0'}
    dev: false

  /eventemitter3/4.0.7:
    resolution: {integrity: sha512-8guHBZCwKnFhYdHr2ysuRWErTwhoN2X8XELRlrRwpmfeY2jjuUN4taQMsULKUVo1K4DvZl+0pgfyoysHxvmvEw==}
    dev: false

  /fast-deep-equal/3.1.3:
    resolution: {integrity: sha512-f3qQ9oQy9j2AhBe/H9VC91wLmKBCCU/gDOnKNAYG5hswO7BLKj09Hc5HYNz9cGI++xlpDCIgDaitVs03ATR84Q==}
    dev: false

  /fast-xml-parser/3.21.1:
    resolution: {integrity: sha512-FTFVjYoBOZTJekiUsawGsSYV9QL0A+zDYCRj7y34IO6Jg+2IMYEtQa+bbictpdpV8dHxXywqU7C0gRDEOFtBFg==}
    hasBin: true
    dependencies:
      strnum: 1.0.5
    dev: false

  /file-selector/0.4.0:
    resolution: {integrity: sha512-iACCiXeMYOvZqlF1kTiYINzgepRBymz1wwjiuup9u9nayhb6g4fSwiyJ/6adli+EPwrWtpgQAh2PoS7HukEGEg==}
    engines: {node: '>= 10'}
    dependencies:
      tslib: 2.4.0
    dev: false

  /find-replace/3.0.0:
    resolution: {integrity: sha512-6Tb2myMioCAgv5kfvP5/PkZZ/ntTpVK39fHY7WkWBgvbeE+VHd/tZuZ4mrC+bxh4cfOZeYKVPaJIZtZXV7GNCQ==}
    engines: {node: '>=4.0.0'}
    dependencies:
      array-back: 3.1.0
    dev: false

  /flatbuffers/1.12.0:
    resolution: {integrity: sha512-c7CZADjRcl6j0PlvFy0ZqXQ67qSEZfrVPynmnL+2zPc+NtMvrF8Y0QceMo7QqnSPc7+uWjUIAbvCQ5WIKlMVdQ==}
    dev: false

  /geotiff/2.0.5:
    resolution: {integrity: sha512-U5kVYm118YAmw2swiLu8rhfrYnDKOFI7VaMjuQwcq6Intuuid9Pyb4jjxYUxxkq8kOu2r7Am0Rmb52PObGp4pQ==}
    engines: {node: '>=10.19'}
    dependencies:
      '@petamoriken/float16': 3.6.3
      lerc: 3.0.0
      pako: 2.0.4
      parse-headers: 2.0.5
      quick-lru: 6.1.1
      web-worker: 1.2.0
      xml-utils: 1.0.2
    dev: false

  /gl-matrix/3.3.0:
    resolution: {integrity: sha512-COb7LDz+SXaHtl/h4LeaFcNdJdAQSDeVqjiIihSXNrkWObZLhDI4hIkZC11Aeqp7bcE72clzB0BnDXr2SmslRA==}
    dev: false

  /h3-js/3.7.2:
    resolution: {integrity: sha512-LPjlHSwB9zQZrMqKloCZmmmt3yZzIK7nqPcXqwU93zT3TtYG6jP4tZBzAPouxut7lLjdFbMQ75wRBiKfpsnY7w==}
    engines: {node: '>=4', npm: '>=3', yarn: '>=1.3.0'}
    dev: false

  /hammerjs/2.0.8:
    resolution: {integrity: sha1-BO93hiz/K7edMPdpIJWTAiK/YPE=}
    engines: {node: '>=0.8.0'}
    dev: false

  /has-flag/3.0.0:
    resolution: {integrity: sha1-tdRU3CGZriJWmfNGfloH87lVuv0=}
    engines: {node: '>=4'}
    dev: false

  /history/4.10.1:
    resolution: {integrity: sha512-36nwAD620w12kuzPAsyINPWJqlNbij+hpK1k9XRloDtym8mxzGYl2c17LnV6IAGB2Dmg4tEa7G7DlawS0+qjew==}
    dependencies:
      '@babel/runtime': 7.17.9
      loose-envify: 1.4.0
      resolve-pathname: 3.0.0
      tiny-invariant: 1.2.0
      tiny-warning: 1.0.3
      value-equal: 1.0.1
    dev: false

  /hoist-non-react-statics/3.3.2:
    resolution: {integrity: sha512-/gGivxi8JPKWNm/W0jSmzcMPpfpPLc3dY/6GxhX2hQ9iGj3aDfklV4ET7NjKpSinLpJ5vafa9iiGIEZg10SfBw==}
    dependencies:
      react-is: 16.13.1
    dev: false

  /hyphenate-style-name/1.0.4:
    resolution: {integrity: sha512-ygGZLjmXfPHj+ZWh6LwbC37l43MhfztxetbFCoYTM2VjkIUpeHgSNn7QIyVFj7YQ1Wl9Cbw5sholVJPzWvC2MQ==}
    dev: false

  /ieee754/1.2.1:
    resolution: {integrity: sha512-dcyqhDvX1C46lXZcVqCpK+FtMRQVdIMN6/Df5js2zouUsqG7I6sFxitIC+7KYK29KdXOLHdu9zL4sFnoVQnqaA==}
    dev: false

  /image-size/0.7.5:
    resolution: {integrity: sha512-Hiyv+mXHfFEP7LzUL/llg9RwFxxY+o9N3JVLIeG5E7iFIFAalxvRU9UZthBdYDEVnzHMgjnKJPPpay5BWf1g9g==}
    engines: {node: '>=6.9.0'}
    hasBin: true
    dev: false

  /is-in-browser/1.1.3:
    resolution: {integrity: sha1-Vv9NtoOgeMYILrldrX3GLh0E+DU=}
    dev: false

  /isarray/0.0.1:
    resolution: {integrity: sha1-ihis/Kmo9Bd+Cav8YDiTmwXR7t8=}
    dev: false

  /js-tokens/4.0.0:
    resolution: {integrity: sha512-RdJUflcE3cUzKiMqQgsCu06FPu9UdIJO0beYbPhHN4k6apgJtifcoCtT9bcxOpYBtpD2kCM6Sbzg4CausW/PKQ==}
    dev: false

  /json-bignum/0.0.3:
    resolution: {integrity: sha1-QRY7UENsdz2CQk28IO1w23YEuNc=}
    engines: {node: '>=0.8'}
    dev: false

  /jss-plugin-camel-case/10.9.0:
    resolution: {integrity: sha512-UH6uPpnDk413/r/2Olmw4+y54yEF2lRIV8XIZyuYpgPYTITLlPOsq6XB9qeqv+75SQSg3KLocq5jUBXW8qWWww==}
    dependencies:
      '@babel/runtime': 7.17.9
      hyphenate-style-name: 1.0.4
      jss: 10.9.0
    dev: false

  /jss-plugin-default-unit/10.9.0:
    resolution: {integrity: sha512-7Ju4Q9wJ/MZPsxfu4T84mzdn7pLHWeqoGd/D8O3eDNNJ93Xc8PxnLmV8s8ZPNRYkLdxZqKtm1nPQ0BM4JRlq2w==}
    dependencies:
      '@babel/runtime': 7.17.9
      jss: 10.9.0
    dev: false

  /jss-plugin-global/10.9.0:
    resolution: {integrity: sha512-4G8PHNJ0x6nwAFsEzcuVDiBlyMsj2y3VjmFAx/uHk/R/gzJV+yRHICjT4MKGGu1cJq2hfowFWCyrr/Gg37FbgQ==}
    dependencies:
      '@babel/runtime': 7.17.9
      jss: 10.9.0
    dev: false

  /jss-plugin-nested/10.9.0:
    resolution: {integrity: sha512-2UJnDrfCZpMYcpPYR16oZB7VAC6b/1QLsRiAutOt7wJaaqwCBvNsosLEu/fUyKNQNGdvg2PPJFDO5AX7dwxtoA==}
    dependencies:
      '@babel/runtime': 7.17.9
      jss: 10.9.0
      tiny-warning: 1.0.3
    dev: false

  /jss-plugin-props-sort/10.9.0:
    resolution: {integrity: sha512-7A76HI8bzwqrsMOJTWKx/uD5v+U8piLnp5bvru7g/3ZEQOu1+PjHvv7bFdNO3DwNPC9oM0a//KwIJsIcDCjDzw==}
    dependencies:
      '@babel/runtime': 7.17.9
      jss: 10.9.0
    dev: false

  /jss-plugin-rule-value-function/10.9.0:
    resolution: {integrity: sha512-IHJv6YrEf8pRzkY207cPmdbBstBaE+z8pazhPShfz0tZSDtRdQua5jjg6NMz3IbTasVx9FdnmptxPqSWL5tyJg==}
    dependencies:
      '@babel/runtime': 7.17.9
      jss: 10.9.0
      tiny-warning: 1.0.3
    dev: false

  /jss-plugin-vendor-prefixer/10.9.0:
    resolution: {integrity: sha512-MbvsaXP7iiVdYVSEoi+blrW+AYnTDvHTW6I6zqi7JcwXdc6I9Kbm234nEblayhF38EftoenbM+5218pidmC5gA==}
    dependencies:
      '@babel/runtime': 7.17.9
      css-vendor: 2.0.8
      jss: 10.9.0
    dev: false

  /jss/10.9.0:
    resolution: {integrity: sha512-YpzpreB6kUunQBbrlArlsMpXYyndt9JATbt95tajx0t4MTJJcCJdd4hdNpHmOIDiUJrF/oX5wtVFrS3uofWfGw==}
    dependencies:
      '@babel/runtime': 7.17.9
      csstype: 3.1.0
      is-in-browser: 1.1.3
      tiny-warning: 1.0.3
    dev: false

  /ktx-parse/0.0.4:
    resolution: {integrity: sha512-LY3nrmfXl+wZZdPxgJ3ZmLvG+wkOZZP3/dr4RbQj1Pk3Qwz44esOOSFFVQJcNWpXAtiNIC66WgXufX/SYgYz6A==}
    dev: false

  /lerc/3.0.0:
    resolution: {integrity: sha512-Rm4J/WaHhRa93nCN2mwWDZFoRVF18G1f47C+kvQWyHGEZxFpTUi73p7lMVSAndyxGt6lJ2/CFbOcf9ra5p8aww==}
    dev: false

  /lodash.camelcase/4.3.0:
    resolution: {integrity: sha1-soqmKIorn8ZRA1x3EfZathkDMaY=}
    dev: false

  /lodash/4.17.21:
    resolution: {integrity: sha512-v2kDEe57lecTulaDIuNTPy3Ry4gLGJ6Z1O3vE1krgXZNrsQ+LFTGHVxVjcXPs17LhbZVGedAJv8XZ1tvj5FvSg==}
    dev: false

  /long/3.2.0:
    resolution: {integrity: sha1-2CG3E4yhy1gcFymQ7xTbIAtcR0s=}
    engines: {node: '>=0.6'}
    dev: false

  /loose-envify/1.4.0:
    resolution: {integrity: sha512-lyuxPGr/Wfhrlem2CL/UcnUc1zcqKAImBDzukY7Y5F/yQiNdko6+fRLevlw1HgMySw7f611UIY408EtxRSoK3Q==}
    hasBin: true
    dependencies:
      js-tokens: 4.0.0
    dev: false

  /lzw-tiff-decoder/0.1.1:
    resolution: {integrity: sha512-RUiNDPLzKEhX3JM9BgnFneerJd/uLgV4TeaNnkNJ0eO/GdlPeX01PKDCUsob8jhWILxOl3dGlDbD98KGex39ig==}
    dev: false

  /math.gl/3.5.7:
    resolution: {integrity: sha512-WS633GusobHd5L7+4aiMVRZL3MYQk59futWsKvEvSEtrd5UnBa+y6xMpgn0VGlYmr7VXYqmvcRh/PnfMPN2tpw==}
    dependencies:
      '@math.gl/core': 3.5.7
    dev: false

  /mini-create-react-context/0.4.1_4vyaxm4rsh2mpfdenvlqy7kmya:
    resolution: {integrity: sha512-YWCYEmd5CQeHGSAKrYvXgmzzkrvssZcuuQDDeqkT+PziKGMgE+0MCCtcKbROzocGBG1meBLl2FotlRwf4gAzbQ==}
    peerDependencies:
      prop-types: ^15.0.0
      react: ^0.14.0 || ^15.0.0 || ^16.0.0 || ^17.0.0
    dependencies:
      '@babel/runtime': 7.17.9
      prop-types: 15.8.1
      react: 16.14.0
      tiny-warning: 1.0.3
    dev: false

  /mjolnir.js/2.6.0:
    resolution: {integrity: sha512-rGA7+BJKvXI0ypxQD/+rQE/sW26kmc8UIZWhmQrjhwCf/zvhbcBlsu2vPB6w0Kv/rVnVFEONTSQqC0vFEpQvIA==}
    engines: {node: '>= 4', npm: '>= 3'}
    dependencies:
      '@babel/runtime': 7.17.9
      hammerjs: 2.0.8
    dev: false

  /numcodecs/0.2.2:
    resolution: {integrity: sha512-Y5K8mv80yb4MgVpcElBkUeMZqeE4TrovxRit/dTZvoRl6YkB6WEjY+fiUjGCblITnt3T3fmrDg8yRWu0gOLjhQ==}
    engines: {node: '>=12'}
    dev: false

  /object-assign/4.1.1:
    resolution: {integrity: sha1-IQmtx5ZYh8/AXLvUQsrIv7s2CGM=}
    engines: {node: '>=0.10.0'}
    dev: false

  /p-finally/1.0.0:
    resolution: {integrity: sha1-P7z7FbiZpEEjs0ttzBi3JDNqLK4=}
    engines: {node: '>=4'}
    dev: false

  /p-queue/6.2.0:
    resolution: {integrity: sha512-B2LXNONcyn/G6uz2UBFsGjmSa0e/br3jznlzhEyCXg56c7VhEpiT2pZxGOfv32Q3FSyugAdys9KGpsv3kV+Sbg==}
    engines: {node: '>=8'}
    dependencies:
      eventemitter3: 4.0.7
      p-timeout: 3.2.0
    dev: false

  /p-timeout/3.2.0:
    resolution: {integrity: sha512-rhIwUycgwwKcP9yTOOFK/AKsAopjjCakVqLHePO3CC6Mir1Z99xT+R63jZxAT5lFZLa2inS5h+ZS2GvR99/FBg==}
    engines: {node: '>=8'}
    dependencies:
      p-finally: 1.0.0
    dev: false

  /pad-left/2.1.0:
    resolution: {integrity: sha1-FuajstRKjhOMsIOMx8tAOk/J6ZQ=}
    engines: {node: '>=0.10.0'}
    dependencies:
      repeat-string: 1.6.1
    dev: false

  /pako/2.0.4:
    resolution: {integrity: sha512-v8tweI900AUkZN6heMU/4Uy4cXRc2AYNRggVmTR+dEncawDJgCdLMximOVA2p4qO57WMynangsfGRb5WD6L1Bg==}
    dev: false

  /parse-headers/2.0.5:
    resolution: {integrity: sha512-ft3iAoLOB/MlwbNXgzy43SWGP6sQki2jQvAyBg/zDFAgr9bfNWZIUj42Kw2eJIl8kEi4PbgE6U1Zau/HwI75HA==}
    dev: false

  /path-to-regexp/1.8.0:
    resolution: {integrity: sha512-n43JRhlUKUAlibEJhPeir1ncUID16QnEjNpwzNdO3Lm4ywrBpBZ5oLD0I6br9evr1Y9JTqwRtAh7JLoOzAQdVA==}
    dependencies:
      isarray: 0.0.1
    dev: false

  /pbf/3.2.1:
    resolution: {integrity: sha512-ClrV7pNOn7rtmoQVF4TS1vyU0WhYRnP92fzbfF75jAIwpnzdJXf8iTd4CMEqO4yUenH6NDqLiwjqlh6QgZzgLQ==}
    hasBin: true
    dependencies:
      ieee754: 1.2.1
      resolve-protobuf-schema: 2.1.0
    dev: false

  /popper.js/1.16.1-lts:
    resolution: {integrity: sha512-Kjw8nKRl1m+VrSFCoVGPph93W/qrSO7ZkqPpTf7F4bk/sqcfWK019dWBUpE/fBOsOQY1dks/Bmcbfn1heM/IsA==}
    dev: false

  /probe.gl/3.5.0:
    resolution: {integrity: sha512-KWj8u0PNytr/rVwcQFcN7O8SK7n/ITOsUZ91l4fSX95oHhKvVCI7eadrzFUzFRlXkFfBWpMWZXFHITsHHHUctw==}
    dependencies:
      '@babel/runtime': 7.17.9
      '@probe.gl/env': 3.5.0
      '@probe.gl/log': 3.5.0
      '@probe.gl/stats': 3.5.0
    dev: false

  /prop-types/15.8.1:
    resolution: {integrity: sha512-oj87CgZICdulUohogVAR7AjlC0327U4el4L6eAvOqCeudMDVU0NThNaV+b9Df4dXgSP1gXMTnPdhfe/2qDH5cg==}
    dependencies:
      loose-envify: 1.4.0
      object-assign: 4.1.1
      react-is: 16.13.1
    dev: false

  /protocol-buffers-schema/3.6.0:
    resolution: {integrity: sha512-TdDRD+/QNdrCGCE7v8340QyuXd4kIWIgapsE2+n/SaGiSSbomYl4TjHlvIoCWRpE7wFt02EpB35VVA2ImcBVqw==}
    dev: false

  /quick-lru/6.1.1:
    resolution: {integrity: sha512-S27GBT+F0NTRiehtbrgaSE1idUAJ5bX8dPAQTdylEyNlrdcH5X4Lz7Edz3DYzecbsCluD5zO8ZNEe04z3D3u6Q==}
    engines: {node: '>=12'}
    dev: false

  /quickselect/2.0.0:
    resolution: {integrity: sha512-RKJ22hX8mHe3Y6wH/N3wCM6BWtjaxIyyUIkpHOvfFnxdI4yD4tBXEBKSbriGujF6jnSVkJrffuo6vxACiSSxIw==}
    dev: false

  /react-dom/16.14.0_react@16.14.0:
    resolution: {integrity: sha512-1gCeQXDLoIqMgqD3IO2Ah9bnf0w9kzhwN5q4FGnHZ67hBm9yePzB5JJAIQCc8x3pFnNlwFq4RidZggNAAkzWWw==}
    peerDependencies:
      react: ^16.14.0
    dependencies:
      loose-envify: 1.4.0
      object-assign: 4.1.1
      prop-types: 15.8.1
      react: 16.14.0
      scheduler: 0.19.1
    dev: false

  /react-dropzone/11.7.1_react@16.14.0:
    resolution: {integrity: sha512-zxCMwhfPy1olUEbw3FLNPLhAm/HnaYH5aELIEglRbqabizKAdHs0h+WuyOpmA+v1JXn0++fpQDdNfUagWt5hJQ==}
    engines: {node: '>= 10.13'}
    peerDependencies:
      react: '>= 16.8'
    dependencies:
      attr-accept: 2.2.2
      file-selector: 0.4.0
      prop-types: 15.8.1
      react: 16.14.0
    dev: false

  /react-is/16.13.1:
    resolution: {integrity: sha512-24e6ynE2H+OKt4kqsOvNd8kBpV65zoxbA4BVsEOB3ARVWQki/DHzaUoC5KuON/BiccDaCCTZBuOcfZs70kR8bQ==}
    dev: false

  /react-is/17.0.2:
    resolution: {integrity: sha512-w2GsyukL62IJnlaff/nRegPQR94C/XXamvMWmSHRJ4y7Ts/4ocGRmTHvOs8PSE6pB3dWOrD/nueuU5sduBsQ4w==}
    dev: false

  /react-router-dom/5.3.3_react@16.14.0:
    resolution: {integrity: sha512-Ov0tGPMBgqmbu5CDmN++tv2HQ9HlWDuWIIqn4b88gjlAN5IHI+4ZUZRcpz9Hl0azFIwihbLDYw1OiHGRo7ZIng==}
    peerDependencies:
      react: '>=15'
    dependencies:
      '@babel/runtime': 7.17.9
      history: 4.10.1
      loose-envify: 1.4.0
      prop-types: 15.8.1
      react: 16.14.0
      react-router: 5.3.3_react@16.14.0
      tiny-invariant: 1.2.0
      tiny-warning: 1.0.3
    dev: false

  /react-router/5.3.3_react@16.14.0:
    resolution: {integrity: sha512-mzQGUvS3bM84TnbtMYR8ZjKnuPJ71IjSzR+DE6UkUqvN4czWIqEs17yLL8xkAycv4ev0AiN+IGrWu88vJs/p2w==}
    peerDependencies:
      react: '>=15'
    dependencies:
      '@babel/runtime': 7.17.9
      history: 4.10.1
      hoist-non-react-statics: 3.3.2
      loose-envify: 1.4.0
      mini-create-react-context: 0.4.1_4vyaxm4rsh2mpfdenvlqy7kmya
      path-to-regexp: 1.8.0
      prop-types: 15.8.1
      react: 16.14.0
      react-is: 16.13.1
      tiny-invariant: 1.2.0
      tiny-warning: 1.0.3
    dev: false

  /react-transition-group/4.4.2_wcqkhtmu7mswc6yz4uyexck3ty:
    resolution: {integrity: sha512-/RNYfRAMlZwDSr6z4zNKV6xu53/e2BuaBbGhbyYIXTrmgu/bGHzmqOs7mJSJBHy9Ud+ApHx3QjrkKSp1pxvlFg==}
    peerDependencies:
      react: '>=16.6.0'
      react-dom: '>=16.6.0'
    dependencies:
      '@babel/runtime': 7.17.9
      dom-helpers: 5.2.1
      loose-envify: 1.4.0
      prop-types: 15.8.1
      react: 16.14.0
      react-dom: 16.14.0_react@16.14.0
    dev: false

  /react/16.14.0:
    resolution: {integrity: sha512-0X2CImDkJGApiAlcf0ODKIneSwBPhqJawOa5wCtKbu7ZECrmS26NvtSILynQ66cgkT/RJ4LidJOc3bUESwmU8g==}
    engines: {node: '>=0.10.0'}
    dependencies:
      loose-envify: 1.4.0
      object-assign: 4.1.1
      prop-types: 15.8.1
    dev: false

  /reduce-flatten/2.0.0:
    resolution: {integrity: sha512-EJ4UNY/U1t2P/2k6oqotuX2Cc3T6nxJwsM0N0asT7dhrtH1ltUxDn4NalSYmPE2rCkVpcf/X6R0wDwcFpzhd4w==}
    engines: {node: '>=6'}
    dev: false

  /regenerator-runtime/0.13.9:
    resolution: {integrity: sha512-p3VT+cOEgxFsRRA9X4lkI1E+k2/CtnKtU4gcxyaCUreilL/vqI6CdZ3wxVUx3UOUg+gnUOQQcRI7BmSI656MYA==}
    dev: false

  /repeat-string/1.6.1:
    resolution: {integrity: sha1-jcrkcOHIirwtYA//Sndihtp15jc=}
    engines: {node: '>=0.10'}
    dev: false

  /resolve-pathname/3.0.0:
    resolution: {integrity: sha512-C7rARubxI8bXFNB/hqcp/4iUeIXJhJZvFPFPiSPRnhU5UPxzMFIl+2E6yY6c4k9giDJAhtV+enfA+G89N6Csng==}
    dev: false

  /resolve-protobuf-schema/2.1.0:
    resolution: {integrity: sha512-kI5ffTiZWmJaS/huM8wZfEMer1eRd7oJQhDuxeCLe3t7N7mX3z94CN0xPxBQxFYQTSNz9T0i+v6inKqSdK8xrQ==}
    dependencies:
      protocol-buffers-schema: 3.6.0
    dev: false

  /scheduler/0.19.1:
    resolution: {integrity: sha512-n/zwRWRYSUj0/3g/otKDRPMh6qv2SYMWNq85IEa8iZyAv8od9zDYpGSnpBEjNgcMNq6Scbu5KfIPxNF72R/2EA==}
    dependencies:
      loose-envify: 1.4.0
      object-assign: 4.1.1
    dev: false

  /sprintf-js/1.0.3:
    resolution: {integrity: sha1-BOaSb2YolTVPPdAVIDYzuFcpfiw=}
    dev: false

  /strnum/1.0.5:
    resolution: {integrity: sha512-J8bbNyKKXl5qYcR36TIO8W3mVGVHrmmxsd5PAItGkmyzwJvybiw2IVq5nqd0i4LSNSkB/sx9VHllbfFdr9k1JA==}
    dev: false

  /supports-color/5.5.0:
    resolution: {integrity: sha512-QjVjwdXIt408MIiAqCX4oUKsgU2EqAGzs2Ppkm4aQYbjm+ZEWEcW4SfFNTr4uMNZma0ey4f5lgLrkB0aX0QMow==}
    engines: {node: '>=4'}
    dependencies:
      has-flag: 3.0.0
    dev: false

  /table-layout/1.0.2:
    resolution: {integrity: sha512-qd/R7n5rQTRFi+Zf2sk5XVVd9UQl6ZkduPFC3S7WEGJAmetDTjY3qPN50eSKzwuzEyQKy5TN2TiZdkIjos2L6A==}
    engines: {node: '>=8.0.0'}
    dependencies:
      array-back: 4.0.2
      deep-extend: 0.6.0
      typical: 5.2.0
      wordwrapjs: 4.0.1
    dev: false

  /text-encoding-utf-8/1.0.2:
    resolution: {integrity: sha512-8bw4MY9WjdsD2aMtO0OzOCY3pXGYNx2d2FfHRVUKkiCPDWjKuOlhLVASS+pD7VkLTVjW268LYJHwsnPFlBpbAg==}
    dev: false

  /texture-compressor/1.0.2:
    resolution: {integrity: sha512-dStVgoaQ11mA5htJ+RzZ51ZxIZqNOgWKAIvtjLrW1AliQQLCmrDqNzQZ8Jh91YealQ95DXt4MEduLzJmbs6lig==}
    hasBin: true
    dependencies:
      argparse: 1.0.10
      image-size: 0.7.5
    dev: false

  /tiny-invariant/1.2.0:
    resolution: {integrity: sha512-1Uhn/aqw5C6RI4KejVeTg6mIS7IqxnLJ8Mv2tV5rTc0qWobay7pDUz6Wi392Cnc8ak1H0F2cjoRzb2/AW4+Fvg==}
    dev: false

  /tiny-warning/1.0.3:
    resolution: {integrity: sha512-lBN9zLN/oAf68o3zNXYrdCt1kP8WsiGW8Oo2ka41b2IM5JL/S1CTyX1rW0mb/zSuJun0ZUrDxx4sqvYS2FWzPA==}
    dev: false

  /tslib/2.4.0:
    resolution: {integrity: sha512-d6xOpEDfsi2CZVlPQzGeux8XMwLT9hssAsaPYExaQMuYskwb+x1x7J371tWlbBdWHroy99KnVB6qIkUbs5X3UQ==}
    dev: false

  /typical/4.0.0:
    resolution: {integrity: sha512-VAH4IvQ7BDFYglMd7BPRDfLgxZZX4O4TFcRDA6EN5X7erNJJq+McIEp8np9aVtxrCJ6qx4GTYVfOWNjcqwZgRw==}
    engines: {node: '>=8'}
    dev: false

  /typical/5.2.0:
    resolution: {integrity: sha512-dvdQgNDNJo+8B2uBQoqdb11eUCE1JQXhvjC/CZtgvZseVd5TYMXnq0+vuUemXbd/Se29cTaUuPX3YIc2xgbvIg==}
    engines: {node: '>=8'}
    dev: false

  /value-equal/1.0.1:
    resolution: {integrity: sha512-NOJ6JZCAWr0zlxZt+xqCHNTEKOsrks2HQd4MqhP1qy4z1SkbEP467eNx6TgDKXMvUOb+OENfJCZwM+16n7fRfw==}
    dev: false

  /web-worker/1.2.0:
    resolution: {integrity: sha512-PgF341avzqyx60neE9DD+XS26MMNMoUQRz9NOZwW32nPQrF6p77f1htcnjBSEV8BGMKZ16choqUG4hyI0Hx7mA==}
    dev: false

  /wordwrapjs/4.0.1:
    resolution: {integrity: sha512-kKlNACbvHrkpIw6oPeYDSmdCTu2hdMHoyXLTcUKala++lx5Y+wjJ/e474Jqv5abnVmwxw08DiTuHmw69lJGksA==}
    engines: {node: '>=8.0.0'}
    dependencies:
      reduce-flatten: 2.0.0
      typical: 5.2.0
    dev: false

  /xml-utils/1.0.2:
    resolution: {integrity: sha512-rEn0FvKi+YGjv9omf22oAf+0d6Ly/sgJ/CUufU/nOzS7SRLmgwSujrewc03KojXxt+aPaTRpm593TgehtUBMSQ==}
    dev: false

  /zarr/0.5.1:
    resolution: {integrity: sha512-eL7S5gza/ednVr9wJMd5UF7jcc72qgMlMxuHbFYkWWX9dvb7n0SJL6PS3dCJ5TqyRSamCpAm+ssuodcL4uBTUQ==}
    engines: {node: '>=12'}
    dependencies:
      numcodecs: 0.2.2
      p-queue: 6.2.0
    dev: false

  /zustand/3.7.2_react@16.14.0:
    resolution: {integrity: sha512-PIJDIZKtokhof+9+60cpockVOq05sJzHCriyvaLBmEJixseQ1a5Kdov6fWZfWOu5SK9c+FhH1jU0tntLxRJYMA==}
    engines: {node: '>=12.7.0'}
    peerDependencies:
      react: '>=16.8'
    peerDependenciesMeta:
      react:
        optional: true
    dependencies:
      react: 16.14.0
    dev: false
